
Microsoft Visual Studio Solution File, Format Version 12.00
# Visual Studio Version 16
VisualStudioVersion = 16.0.31624.102
MinimumVisualStudioVersion = 10.0.40219.1
Project("{FAE04EC0-301F-11D3-BF4B-00C04F79EFBC}") = "Lab_BigSchool_NguyenVanQuang", "Lab_BigSchool_NguyenVanQuang\Lab_BigSchool_NguyenVanQuang.csproj", "{A81967FC-FAC1-48BC-8BBD-057933625C4C}"
EndProject
Global
	GlobalSection(SolutionConfigurationPlatforms) = preSolution
		Debug|Any CPU = Debug|Any CPU
		Release|Any CPU = Release|Any CPU
	EndGlobalSection
	GlobalSection(ProjectConfigurationPlatforms) = postSolution
		{A81967FC-FAC1-48BC-8BBD-057933625C4C}.Debug|Any CPU.ActiveCfg = Debug|Any CPU
		{A81967FC-FAC1-48BC-8BBD-057933625C4C}.Debug|Any CPU.Build.0 = Debug|Any CPU
		{A81967FC-FAC1-48BC-8BBD-057933625C4C}.Release|Any CPU.ActiveCfg = Release|Any CPU
		{A81967FC-FAC1-48BC-8BBD-057933625C4C}.Release|Any CPU.Build.0 = Release|Any CPU
	EndGlobalSection
	GlobalSection(SolutionProperties) = preSolution
		HideSolutionNode = FALSE
	EndGlobalSection
	GlobalSection(ExtensibilityGlobals) = postSolution
		SolutionGuid = {93FCA509-805E-4EB9-AC5C-48B021CFF999}
	EndGlobalSection
EndGlobal
